PODS:
  - Alamofire (4.8.0)
  - Anchorage (4.3)
  - ARCL (1.0.4)
  - PINCache (2.3)
  - PINOperation (1.1.1)
  - Presentr (1.9)
  - SDWebImage (4.4.3):
    - SDWebImage/Core (= 4.4.3)
  - SDWebImage/Core (4.4.3)
  - SnapSDK (1.2.0):
    - SnapSDK/SCSDKBitmojiKit (= 1.2.0)
    - SnapSDK/SCSDKCreativeKit (= 1.2.0)
    - SnapSDK/SCSDKLoginKit (= 1.2.0)
  - SnapSDK/SCSDKBitmojiKit (1.2.0):
    - PINCache (< 3.1, >= 2.3)
    - PINOperation (~> 1.1)
  - SnapSDK/SCSDKCreativeKit (1.2.0)
  - SnapSDK/SCSDKLoginKit (1.2.0)
  - Tags (0.2.1)

DEPENDENCIES:
  - Alamofire
  - Anchorage
  - ARCL
  - Presentr
  - SDWebImage
  - SnapSDK
  - Tags

SPEC REPOS:
  https://github.com/cocoapods/specs.git:
    - Alamofire
    - Anchorage
    - ARCL
    - PINCache
    - PINOperation
    - Presentr
    - SDWebImage
    - SnapSDK
    - Tags

SPEC CHECKSUMS:
  Alamofire: 3ec537f71edc9804815215393ae2b1a8ea33a844
  Anchorage: 21a98675245188427f0bcea21404d42a824a766f
  ARCL: 5fd2b0d7aabf91f15dbc0e8c510b25516b8a755a
  PINCache: ce36ed282031b92fc7733ffe831f474ff80fddc2
  PINOperation: a6219e6fc9db9c269eb7a7b871ac193bcf400aac
  Presentr: 7078d7eb5d1661ebeaae60c9e42a1e534de1b993
  SDWebImage: c5594f1a19c48d526d321e548902b56b479cd508
  SnapSDK: ab99c79e619067da4ed60c98ea5a04a288b83dc0
  Tags: 2141a7a9ebbc5b00be4e435dff92b818ed34de27

PODFILE CHECKSUM: b16638cbdb78b5e4cb828189a194ec4d49d48b47

COCOAPODS: 1.5.2
